
Microsoft Visual Studio Solution File, Format Version 12.00
# Visual Studio Version 17
VisualStudioVersion = 17.4.33110.190
MinimumVisualStudioVersion = 10.0.40219.1
Project("{FAE04EC0-301F-11D3-BF4B-00C04F79EFBC}") = "ApiAportesTerminales", "ApiAportesTerminales.csproj", "{ABE01B39-8394-46D8-9060-8E90E49A06B7}"
EndProject
Global
	GlobalSection(SolutionConfigurationPlatforms) = preSolution
		Debug|Any CPU = Debug|Any CPU
		Release|Any CPU = Release|Any CPU
	EndGlobalSection
	GlobalSection(ProjectConfigurationPlatforms) = postSolution
		{ABE01B39-8394-46D8-9060-8E90E49A06B7}.Debug|Any CPU.ActiveCfg = Debug|Any CPU
		{ABE01B39-8394-46D8-9060-8E90E49A06B7}.Debug|Any CPU.Build.0 = Debug|Any CPU
		{ABE01B39-8394-46D8-9060-8E90E49A06B7}.Release|Any CPU.ActiveCfg = Release|Any CPU
		{ABE01B39-8394-46D8-9060-8E90E49A06B7}.Release|Any CPU.Build.0 = Release|Any CPU
	EndGlobalSection
	GlobalSection(SolutionProperties) = preSolution
		HideSolutionNode = FALSE
	EndGlobalSection
	GlobalSection(ExtensibilityGlobals) = postSolution
		SolutionGuid = {426FDA3B-91D8-4413-932B-A0B75619FD53}
	EndGlobalSection
EndGlobal
